// !$*UTF8*$!
{
	archiveVersion = 1;
	classes = {
	};
	objectVersion = 50;
	objects = {

/* Begin PBXBuildFile section */
		3D4AE8752559DA94004E4690 /* AppDelegate.swift in Sources */ = {isa = PBXBuildFile; fileRef = 3D4AE8742559DA94004E4690 /* AppDelegate.swift */; };
		3D4AE8772559DA94004E4690 /* ViewController.swift in Sources */ = {isa = PBXBuildFile; fileRef = 3D4AE8762559DA94004E4690 /* ViewController.swift */; };
		3D4AE87A2559DA95004E4690 /* Main.storyboard in Resources */ = {isa = PBXBuildFile; fileRef = 3D4AE8782559DA95004E4690 /* Main.storyboard */; };
		3D4AE87C2559DABA004E4690 /* Assets.xcassets in Resources */ = {isa = PBXBuildFile; fileRef = 3D4AE87B2559DABA004E4690 /* Assets.xcassets */; };
		3D4AE87F2559DABA004E4690 /* LaunchScreen.storyboard in Resources */ = {isa = PBXBuildFile; fileRef = 3D4AE87D2559DABA004E4690 /* LaunchScreen.storyboard */; };
		3D4AE88B2559DC29004E4690 /* Evento.swift in Sources */ = {isa = PBXBuildFile; fileRef = 3D4AE88A2559DC29004E4690 /* Evento.swift */; };
		3D4AE88D2559E791004E4690 /* CeldaEventoController.swift in Sources */ = {isa = PBXBuildFile; fileRef = 3D4AE88C2559E791004E4690 /* CeldaEventoController.swift */; };
/* End PBXBuildFile section */

/* Begin PBXFileReference section */
		3D4AE8712559DA94004E4690 /* eventos.app */ = {isa = PBXFileReference; explicitFileType = wrapper.application; includeInIndex = 0; path = eventos.app; sourceTree = BUILT_PRODUCTS_DIR; };
		3D4AE8742559DA94004E4690 /* AppDelegate.swift */ = {isa = PBXFileReference; lastKnownFileType = sourcecode.swift; path = AppDelegate.swift; sourceTree = "<group>"; };
		3D4AE8762559DA94004E4690 /* ViewController.swift */ = {isa = PBXFileReference; lastKnownFileType = sourcecode.swift; path = ViewController.swift; sourceTree = "<group>"; };
		3D4AE8792559DA95004E4690 /* Base */ = {isa = PBXFileReference; lastKnownFileType = file.storyboard; name = Base; path = Base.lproj/Main.storyboard; sourceTree = "<group>"; };
		3D4AE87B2559DABA004E4690 /* Assets.xcassets */ = {isa = PBXFileReference; lastKnownFileType = folder.assetcatalog; path = Assets.xcassets; sourceTree = "<group>"; };
		3D4AE87E2559DABA004E4690 /* Base */ = {isa = PBXFileReference; lastKnownFileType = file.storyboard; name = Base; path = Base.lproj/LaunchScreen.storyboard; sourceTree = "<group>"; };
		3D4AE8802559DABA004E4690 /* Info.plist */ = {isa = PBXFileReference; lastKnownFileType = text.plist.xml; path = Info.plist; sourceTree = "<group>"; };
		3D4AE88A2559DC29004E4690 /* Evento.swift */ = {isa = PBXFileReference; lastKnownFileType = sourcecode.swift; path = Evento.swift; sourceTree = "<group>"; };
		3D4AE88C2559E791004E4690 /* CeldaEventoController.swift */ = {isa = PBXFileReference; lastKnownFileType = sourcecode.swift; path = CeldaEventoController.swift; sourceTree = "<group>"; };
/* End PBXFileReference section */

/* Begin PBXFrameworksBuildPhase section */
		3D4AE86E2559DA94004E4690 /* Frameworks */ = {
			isa = PBXFrameworksBuildPhase;
			buildActionMask = 2147483647;
			files = (
			);
			runOnlyForDeploymentPostprocessing = 0;
		};
/* End PBXFrameworksBuildPhase section */

/* Begin PBXGroup section */
		3D4AE8682559DA94004E4690 = {
			isa = PBXGroup;
			children = (
				3D4AE8732559DA94004E4690 /* eventos */,
				3D4AE8722559DA94004E4690 /* Products */,
			);
			sourceTree = "<group>";
		};
		3D4AE8722559DA94004E4690 /* Products */ = {
			isa = PBXGroup;
			children = (
				3D4AE8712559DA94004E4690 /* eventos.app */,
			);
			name = Products;
			sourceTree = "<group>";
		};
		3D4AE8732559DA94004E4690 /* eventos */ = {
			isa = PBXGroup;
			children = (
				3D4AE8802559DABA004E4690 /* Info.plist */,
				3D4AE8892559DB50004E4690 /* App */,
				3D4AE8882559DB3D004E4690 /* ViewControllers */,
				3D4AE8872559DB31004E4690 /* Storyboard */,
				3D4AE8862559DB18004E4690 /* Models */,
				3D4AE87B2559DABA004E4690 /* Assets.xcassets */,
			);
			path = eventos;
			sourceTree = "<group>";
		};
		3D4AE8862559DB18004E4690 /* Models */ = {
			isa = PBXGroup;
			children = (
				3D4AE88A2559DC29004E4690 /* Evento.swift */,
			);
			name = Models;
			sourceTree = "<group>";
		};
		3D4AE8872559DB31004E4690 /* Storyboard */ = {
			isa = PBXGroup;
			children = (
				3D4AE8782559DA95004E4690 /* Main.storyboard */,
				3D4AE87D2559DABA004E4690 /* LaunchScreen.storyboard */,
			);
			path = Storyboard;
			sourceTree = "<group>";
		};
		3D4AE8882559DB3D004E4690 /* ViewControllers */ = {
			isa = PBXGroup;
			children = (
				3D4AE8762559DA94004E4690 /* ViewController.swift */,
				3D4AE88C2559E791004E4690 /* CeldaEventoController.swift */,
			);
			path = ViewControllers;
			sourceTree = "<group>";
		};
		3D4AE8892559DB50004E4690 /* App */ = {
			isa = PBXGroup;
			children = (
				3D4AE8742559DA94004E4690 /* AppDelegate.swift */,
			);
			path = App;
			sourceTree = "<group>";
		};
/* End PBXGroup section */

/* Begin PBXNativeTarget section */
		3D4AE8702559DA94004E4690 /* eventos */ = {
			isa = PBXNativeTarget;
			buildConfigurationList = 3D4AE8832559DABA004E4690 /* Build configuration list for PBXNativeTarget "eventos" */;
			buildPhases = (
				3D4AE86D2559DA94004E4690 /* Sources */,
				3D4AE86E2559DA94004E4690 /* Frameworks */,
				3D4AE86F2559DA94004E4690 /* Resources */,
			);
			buildRules = (
			);
			dependencies = (
			);
			name = eventos;
			productName = eventos;
			productReference = 3D4AE8712559DA94004E4690 /* eventos.app */;
			productType = "com.apple.product-type.application";
		};
/* End PBXNativeTarget section */

/* Begin PBXProject section */
		3D4AE8692559DA94004E4690 /* Project object */ = {
			isa = PBXProject;
			attributes = {
				LastSwiftUpdateCheck = 0940;
				LastUpgradeCheck = 0940;
				ORGANIZATIONNAME = Alumno;
				TargetAttributes = {
					3D4AE8702559DA94004E4690 = {
						CreatedOnToolsVersion = 9.4.1;
					};
				};
			};
			buildConfigurationList = 3D4AE86C2559DA94004E4690 /* Build configuration list for PBXProject "eventos" */;
			compatibilityVersion = "Xcode 9.3";
			developmentRegion = en;
			hasScannedForEncodings = 0;
			knownRegions = (
				en,
				Base,
			);
			mainGroup = 3D4AE8682559DA94004E4690;
			productRefGroup = 3D4AE8722559DA94004E4690 /* Products */;
			projectDirPath = "";
			projectRoot = "";
			targets = (
				3D4AE8702559DA94004E4690 /* eventos */,
			);
		};
/* End PBXProject section */

/* Begin PBXResourcesBuildPhase section */
		3D4AE86F2559DA94004E4690 /* Resources */ = {
			isa = PBXResourcesBuildPhase;
			buildActionMask = 2147483647;
			files = (
				3D4AE87F2559DABA004E4690 /* LaunchScreen.storyboard in Resources */,
				3D4AE87C2559DABA004E4690 /* Assets.xcassets in Resources */,
				3D4AE87A2559DA95004E4690 /* Main.storyboard in Resources */,
			);
			runOnlyForDeploymentPostprocessing = 0;
		};
/* End PBXResourcesBuildPhase section */

/* Begin PBXSourcesBuildPhase section */
		3D4AE86D2559DA94004E4690 /* Sources */ = {
			isa = PBXSourcesBuildPhase;
			buildActionMask = 2147483647;
			files = (
				3D4AE88D2559E791004E4690 /* CeldaEventoController.swift in Sources */,
				3D4AE88B2559DC29004E4690 /* Evento.swift in Sources */,
				3D4AE8772559DA94004E4690 /* ViewController.swift in Sources */,
				3D4AE8752559DA94004E4690 /* AppDelegate.swift in Sources */,
			);
			runOnlyForDeploymentPostprocessing = 0;
		};
/* End PBXSourcesBuildPhase section */

/* Begin PBXVariantGroup section */
		3D4AE8782559DA95004E4690 /* Main.storyboard */ = {
			isa = PBXVariantGroup;
			children = (
				3D4AE8792559DA95004E4690 /* Base */,
			);
			name = Main.storyboard;
			sourceTree = "<group>";
		};
		3D4AE87D2559DABA004E4690 /* LaunchScreen.storyboard */ = {
			isa = PBXVariantGroup;
			children = (
				3D4AE87E2559DABA004E4690 /* Base */,
			);
			name = LaunchScreen.storyboard;
			sourceTree = "<group>";
		};
/* End PBXVariantGroup section */

/* Begin XCBuildConfiguration section */
		3D4AE8812559DABA004E4690 /* Debug */ = {
			isa = XCBuildConfiguration;
			buildSettings = {
				ALWAYS_SEARCH_USER_PATHS = NO;
				CLANG_ANALYZER_NONNULL = YES;
				CLANG_ANALYZER_NUMBER_OBJECT_CONVERSION = YES_AGGRESSIVE;
				CLANG_CXX_LANGUAGE_STANDARD = "gnu++14";
				CLANG_CXX_LIBRARY = "libc++";
				CLANG_ENABLE_MODULES = YES;
				CLANG_ENABLE_OBJC_ARC = YES;
				CLANG_ENABLE_OBJC_WEAK = YES;
				CLANG_WARN_BLOCK_CAPTURE_AUTORELEASING = YES;
				CLANG_WARN_BOOL_CONVERSION = YES;
				CLANG_WARN_COMMA = YES;
				CLANG_WARN_CONSTANT_CONVERSION = YES;
				CLANG_WARN_DEPRECATED_OBJC_IMPLEMENTATIONS = YES;
				CLANG_WARN_DIRECT_OBJC_ISA_USAGE = YES_ERROR;
				CLANG_WARN_DOCUMENTATION_COMMENTS = YES;
				CLANG_WARN_EMPTY_BODY = YES;
				CLANG_WARN_ENUM_CONVERSION = YES;
				CLANG_WARN_INFINITE_RECURSION = YES;
				CLANG_WARN_INT_CONVERSION = YES;
				CLANG_WARN_NON_LITERAL_NULL_CONVERSION = YES;
				CLANG_WARN_OBJC_IMPLICIT_RETAIN_SELF = YES;
				CLANG_WARN_OBJC_LITERAL_CONVERSION = YES;
				CLANG_WARN_OBJC_ROOT_CLASS = YES_ERROR;
				CLANG_WARN_RANGE_LOOP_ANALYSIS = YES;
				CLANG_WARN_STRICT_PROTOTYPES = YES;
				CLANG_WARN_SUSPICIOUS_MOVE = YES;
				CLANG_WARN_UNGUARDED_AVAILABILITY = YES_AGGRESSIVE;
				CLANG_WARN_UNREACHABLE_CODE = YES;
				CLANG_WARN__DUPLICATE_METHOD_MATCH = YES;
				CODE_SIGN_IDENTITY = "iPhone Developer";
				COPY_PHASE_STRIP = NO;
				DEBUG_INFORMATION_FORMAT = dwarf;
				ENABLE_STRICT_OBJC_MSGSEND = YES;
				ENABLE_TESTABILITY = YES;
				GCC_C_LANGUAGE_STANDARD = gnu11;
				GCC_DYNAMIC_NO_PIC = NO;
				GCC_NO_COMMON_BLOCKS = YES;
				GCC_OPTIMIZATION_LEVEL = 0;
				GCC_PREPROCESSOR_DEFINITIONS = (
					"DEBUG=1",
					"$(inherited)",
				);
				GCC_WARN_64_TO_32_BIT_CONVERSION = YES;
				GCC_WARN_ABOUT_RETURN_TYPE = YES_ERROR;
				GCC_WARN_UNDECLARED_SELECTOR = YES;
				GCC_WARN_UNINITIALIZED_AUTOS = YES_AGGRESSIVE;
				GCC_WARN_UNUSED_FUNCTION = YES;
				GCC_WARN_UNUSED_VARIABLE = YES;
				IPHONEOS_DEPLOYMENT_TARGET = 11.4;
				MTL_ENABLE_DEBUG_INFO = YES;
				ONLY_ACTIVE_ARCH = YES;
				SDKROOT = iphoneos;
				SWIFT_ACTIVE_COMPILATION_CONDITIONS = DEBUG;
				SWIFT_OPTIMIZATION_LEVEL = "-Onone";
			};
			name = Debug;
		};
		3D4AE8822559DABA004E4690 /* Release */ = {
			isa = XCBuildConfiguration;
			buildSettings = {
				ALWAYS_SEARCH_USER_PATHS = NO;
				CLANG_ANALYZER_NONNULL = YES;
				CLANG_ANALYZER_NUMBER_OBJECT_CONVERSION = YES_AGGRESSIVE;
				CLANG_CXX_LANGUAGE_STANDARD = "gnu++14";
				CLANG_CXX_LIBRARY = "libc++";
				CLANG_ENABLE_MODULES = YES;
				CLANG_ENABLE_OBJC_ARC = YES;
				CLANG_ENABLE_OBJC_WEAK = YES;
				CLANG_WARN_BLOCK_CAPTURE_AUTORELEASING = YES;
				CLANG_WARN_BOOL_CONVERSION = YES;
				CLANG_WARN_COMMA = YES;
				CLANG_WARN_CONSTANT_CONVERSION = YES;
				CLANG_WARN_DEPRECATED_OBJC_IMPLEMENTATIONS = YES;
				CLANG_WARN_DIRECT_OBJC_ISA_USAGE = YES_ERROR;
				CLANG_WARN_DOCUMENTATION_COMMENTS = YES;
				CLANG_WARN_EMPTY_BODY = YES;
				CLANG_WARN_ENUM_CONVERSION = YES;
				CLANG_WARN_INFINITE_RECURSION = YES;
				CLANG_WARN_INT_CONVERSION = YES;
				CLANG_WARN_NON_LITERAL_NULL_CONVERSION = YES;
				CLANG_WARN_OBJC_IMPLICIT_RETAIN_SELF = YES;
				CLANG_WARN_OBJC_LITERAL_CONVERSION = YES;
				CLANG_WARN_OBJC_ROOT_CLASS = YES_ERROR;
				CLANG_WARN_RANGE_LOOP_ANALYSIS = YES;
				CLANG_WARN_STRICT_PROTOTYPES = YES;
				CLANG_WARN_SUSPICIOUS_MOVE = YES;
				CLANG_WARN_UNGUARDED_AVAILABILITY = YES_AGGRESSIVE;
				CLANG_WARN_UNREACHABLE_CODE = YES;
				CLANG_WARN__DUPLICATE_METHOD_MATCH = YES;
				CODE_SIGN_IDENTITY = "iPhone Developer";
				COPY_PHASE_STRIP = NO;
				DEBUG_INFORMATION_FORMAT = "dwarf-with-dsym";
				ENABLE_NS_ASSERTIONS = NO;
				ENABLE_STRICT_OBJC_MSGSEND = YES;
				GCC_C_LANGUAGE_STANDARD = gnu11;
				GCC_NO_COMMON_BLOCKS = YES;
				GCC_WARN_64_TO_32_BIT_CONVERSION = YES;
				GCC_WARN_ABOUT_RETURN_TYPE = YES_ERROR;
				GCC_WARN_UNDECLARED_SELECTOR = YES;
				GCC_WARN_UNINITIALIZED_AUTOS = YES_AGGRESSIVE;
				GCC_WARN_UNUSED_FUNCTION = YES;
				GCC_WARN_UNUSED_VARIABLE = YES;
				IPHONEOS_DEPLOYMENT_TARGET = 11.4;
				MTL_ENABLE_DEBUG_INFO = NO;
				SDKROOT = iphoneos;
				SWIFT_COMPILATION_MODE = wholemodule;
				SWIFT_OPTIMIZATION_LEVEL = "-O";
				VALIDATE_PRODUCT = YES;
			};
			name = Release;
		};
		3D4AE8842559DABA004E4690 /* Debug */ = {
			isa = XCBuildConfiguration;
			buildSettings = {
				ASSETCATALOG_COMPILER_APPICON_NAME = AppIcon;
				CODE_SIGN_STYLE = Automatic;
				INFOPLIST_FILE = eventos/Info.plist;
				LD_RUNPATH_SEARCH_PATHS = (
					"$(inherited)",
					"@executable_path/Frameworks",
				);
				PRODUCT_BUNDLE_IDENTIFIER = edu.ulsa.eventos;
				PRODUCT_NAME = "$(TARGET_NAME)";
				SWIFT_VERSION = 4.0;
				TARGETED_DEVICE_FAMILY = "1,2";
			};
			name = Debug;
		};
		3D4AE8852559DABA004E4690 /* Release */ = {
			isa = XCBuildConfiguration;
			buildSettings = {
				ASSETCATALOG_COMPILER_APPICON_NAME = AppIcon;
				CODE_SIGN_STYLE = Automatic;
				INFOPLIST_FILE = eventos/Info.plist;
				LD_RUNPATH_SEARCH_PATHS = (
					"$(inherited)",
					"@executable_path/Frameworks",
				);
				PRODUCT_BUNDLE_IDENTIFIER = edu.ulsa.eventos;
				PRODUCT_NAME = "$(TARGET_NAME)";
				SWIFT_VERSION = 4.0;
				TARGETED_DEVICE_FAMILY = "1,2";
			};
			name = Release;
		};
/* End XCBuildConfiguration section */

/* Begin XCConfigurationList section */
		3D4AE86C2559DA94004E4690 /* Build configuration list for PBXProject "eventos" */ = {
			isa = XCConfigurationList;
			buildConfigurations = (
				3D4AE8812559DABA004E4690 /* Debug */,
				3D4AE8822559DABA004E4690 /* Release */,
			);
			defaultConfigurationIsVisible = 0;
			defaultConfigurationName = Release;
		};
		3D4AE8832559DABA004E4690 /* Build configuration list for PBXNativeTarget "eventos" */ = {
			isa = XCConfigurationList;
			buildConfigurations = (
				3D4AE8842559DABA004E4690 /* Debug */,
				3D4AE8852559DABA004E4690 /* Release */,
			);
			defaultConfigurationIsVisible = 0;
			defaultConfigurationName = Release;
		};
/* End XCConfigurationList section */
	};
	rootObject = 3D4AE8692559DA94004E4690 /* Project object */;
}
